<?xml version="1.0" encoding="utf-8"?>
<Project ToolsVersion="4.0" xmlns="http://schemas.microsoft.com/developer/msbuild/2003">
  <ItemGroup>
    <Filter Include="Source Files">
      <UniqueIdentifier>{4FC737F1-C7A5-4376-A066-2A32D752A2FF}</UniqueIdentifier>
      <Extensions>cpp;c;cc;cxx;c++;cppm;ixx;def;odl;idl;hpj;bat;asm;asmx</Extensions>
    </Filter>
    <Filter Include="Interfaces">
      <UniqueIdentifier>{f028f9f7-1d75-459a-b1ce-db4ad518b119}</UniqueIdentifier>
    </Filter>
    <Filter Include="Include">
      <UniqueIdentifier>{5873bd8f-75cc-43ca-b92c-9a4c17250db4}</UniqueIdentifier>
    </Filter>
    <Filter Include="Design Patterns">
      <UniqueIdentifier>{2ff55b84-6ff1-4c51-82cb-68650b1d4462}</UniqueIdentifier>
    </Filter>
    <Filter Include="Engine">
      <UniqueIdentifier>{1395e787-d3a1-4cfc-84a1-38f817beed8b}</UniqueIdentifier>
    </Filter>
    <Filter Include="Scenes">
      <UniqueIdentifier>{963bfb94-9d9f-4fb8-ad91-b5d8c5c86e4c}</UniqueIdentifier>
    </Filter>
    <Filter Include="Scenes\Resources">
      <UniqueIdentifier>{76320ec8-b9ee-47c1-80a3-c04509324137}</UniqueIdentifier>
    </Filter>
    <Filter Include="Scenes\Objects and Components">
      <UniqueIdentifier>{82d189d0-3c58-468e-8d1c-11310f544262}</UniqueIdentifier>
    </Filter>
  </ItemGroup>
  <ItemGroup>
    <ClCompile Include="src\CoreEngine.cpp">
      <Filter>Source Files</Filter>
    </ClCompile>
    <ClCompile Include="src\InputManager.cpp">
      <Filter>Source Files</Filter>
    </ClCompile>
    <ClCompile Include="src\main.cpp">
      <Filter>Source Files</Filter>
    </ClCompile>
    <ClCompile Include="src\SceneManager.cpp">
      <Filter>Source Files</Filter>
    </ClCompile>
    <ClCompile Include="src\TestScene.cpp">
      <Filter>Source Files</Filter>
    </ClCompile>
    <ClCompile Include="src\NamespaceVars.cpp">
      <Filter>Source Files</Filter>
    </ClCompile>
    <ClCompile Include="src\ResourceManager.cpp">
      <Filter>Source Files</Filter>
    </ClCompile>
    <ClCompile Include="src\Object.cpp">
      <Filter>Source Files</Filter>
    </ClCompile>
    <ClCompile Include="src\MainMenu.cpp">
      <Filter>Source Files</Filter>
    </ClCompile>
    <ClCompile Include="src\ObjectCollection.cpp">
      <Filter>Source Files</Filter>
    </ClCompile>
    <ClCompile Include="src\CharacterSelectionA.cpp">
      <Filter>Source Files</Filter>
    </ClCompile>
    <ClCompile Include="src\CharacterSelectionB.cpp">
      <Filter>Source Files</Filter>
    </ClCompile>
    <ClCompile Include="src\cSprite.cpp">
      <Filter>Source Files</Filter>
    </ClCompile>
    <ClCompile Include="src\cTransform.cpp">
      <Filter>Source Files</Filter>
    </ClCompile>
    <ClCompile Include="src\cAnimation.cpp">
      <Filter>Source Files</Filter>
    </ClCompile>
    <ClCompile Include="src\cKeyboardMovement.cpp">
      <Filter>Source Files</Filter>
    </ClCompile>
    <ClCompile Include="src\MainGame.cpp">
      <Filter>Source Files</Filter>
    </ClCompile>
  </ItemGroup>
  <ItemGroup>
    <ClInclude Include="include\Core.hpp">
      <Filter>Include</Filter>
    </ClInclude>
    <ClInclude Include="include\CoreEngine.hpp">
      <Filter>Engine</Filter>
    </ClInclude>
    <ClInclude Include="include\ResourceManager.hpp">
      <Filter>Engine</Filter>
    </ClInclude>
    <ClInclude Include="include\SceneManager.hpp">
      <Filter>Engine</Filter>
    </ClInclude>
    <ClInclude Include="include\Design_patterns.hpp">
      <Filter>Include</Filter>
    </ClInclude>
    <ClInclude Include="include\Singleton.hpp">
      <Filter>Design Patterns</Filter>
    </ClInclude>
    <ClInclude Include="include\ObserverPattern.hpp">
      <Filter>Design Patterns</Filter>
    </ClInclude>
    <ClInclude Include="include\InputManager.hpp">
      <Filter>Engine</Filter>
    </ClInclude>
    <ClInclude Include="include\Input.hpp">
      <Filter>Include</Filter>
    </ClInclude>
    <ClInclude Include="include\iComponent.hpp">
      <Filter>Interfaces</Filter>
    </ClInclude>
    <ClInclude Include="include\ObjectComponents.hpp">
      <Filter>Include</Filter>
    </ClInclude>
    <ClInclude Include="include\Object.hpp">
      <Filter>Scenes\Objects and Components</Filter>
    </ClInclude>
    <ClInclude Include="include\Physics.hpp">
      <Filter>Include</Filter>
    </ClInclude>
    <ClInclude Include="include\iScene.hpp">
      <Filter>Interfaces</Filter>
    </ClInclude>
    <ClInclude Include="include\Scene.hpp">
      <Filter>Include</Filter>
    </ClInclude>
    <ClInclude Include="include\MainMenu.hpp">
      <Filter>Scenes</Filter>
    </ClInclude>
    <ClInclude Include="include\TestScene.hpp">
      <Filter>Scenes</Filter>
    </ClInclude>
    <ClInclude Include="include\Utilities.hpp">
      <Filter>Include</Filter>
    </ClInclude>
    <ClInclude Include="include\Time.hpp">
      <Filter>Engine</Filter>
    </ClInclude>
    <ClInclude Include="include\Graphics.hpp">
      <Filter>Include</Filter>
    </ClInclude>
    <ClInclude Include="include\iObject.hpp">
      <Filter>Interfaces</Filter>
    </ClInclude>
    <ClInclude Include="include\ObjectCollection.hpp">
      <Filter>Scenes\Objects and Components</Filter>
    </ClInclude>
    <ClInclude Include="include\CharacterSelectionA.hpp">
      <Filter>Scenes</Filter>
    </ClInclude>
    <ClInclude Include="include\CharacterSelectionB.hpp">
      <Filter>Scenes</Filter>
    </ClInclude>
    <ClInclude Include="include\MainGame.hpp">
      <Filter>Scenes</Filter>
    </ClInclude>
    <ClInclude Include="include\cSprite.hpp">
      <Filter>Scenes\Objects and Components</Filter>
    </ClInclude>
    <ClInclude Include="include\cTransform.hpp">
      <Filter>Scenes\Objects and Components</Filter>
    </ClInclude>
    <ClInclude Include="include\cAnimation.hpp">
      <Filter>Scenes\Objects and Components</Filter>
    </ClInclude>
    <ClInclude Include="include\cKeyboardMovement.hpp">
      <Filter>Scenes\Objects and Components</Filter>
    </ClInclude>
  </ItemGroup>
  <ItemGroup>
    <Image Include="resources\background1.png">
      <Filter>Scenes\Resources</Filter>
    </Image>
    <Image Include="resources\background2.png">
      <Filter>Scenes\Resources</Filter>
    </Image>
    <Image Include="resources\character_selection_a_base.png">
      <Filter>Scenes\Resources</Filter>
    </Image>
    <Image Include="resources\character_selection_a_o1.png">
      <Filter>Scenes\Resources</Filter>
    </Image>
    <Image Include="resources\character_selection_a_o2.png">
      <Filter>Scenes\Resources</Filter>
    </Image>
    <Image Include="resources\character_selection_a_o3.png">
      <Filter>Scenes\Resources</Filter>
    </Image>
    <Image Include="resources\character_selection_a_o4.png">
      <Filter>Scenes\Resources</Filter>
    </Image>
    <Image Include="resources\character_selection_a_o5.png">
      <Filter>Scenes\Resources</Filter>
    </Image>
    <Image Include="resources\character_selection_a_o6.png">
      <Filter>Scenes\Resources</Filter>
    </Image>
    <Image Include="resources\character_selection_b_base.png">
      <Filter>Scenes\Resources</Filter>
    </Image>
    <Image Include="resources\character_selection_b_o1.png">
      <Filter>Scenes\Resources</Filter>
    </Image>
    <Image Include="resources\character_selection_b_o2.png">
      <Filter>Scenes\Resources</Filter>
    </Image>
    <Image Include="resources\character_selection_b_o3.png">
      <Filter>Scenes\Resources</Filter>
    </Image>
    <Image Include="resources\character_selection_b_o4.png">
      <Filter>Scenes\Resources</Filter>
    </Image>
    <Image Include="resources\character_selection_b_o5.png">
      <Filter>Scenes\Resources</Filter>
    </Image>
    <Image Include="resources\character_selection_b_o6.png">
      <Filter>Scenes\Resources</Filter>
    </Image>
    <Image Include="resources\main_scene_base.png">
      <Filter>Scenes\Resources</Filter>
    </Image>
    <Image Include="resources\main_scene_o1.png">
      <Filter>Scenes\Resources</Filter>
    </Image>
    <Image Include="resources\main_scene_o2.png">
      <Filter>Scenes\Resources</Filter>
    </Image>
    <Image Include="resources\main_scene_o3.png">
      <Filter>Scenes\Resources</Filter>
    </Image>
  </ItemGroup>
</Project>