<?xml version="1.0" encoding="utf-8"?>
<Project ToolsVersion="4.0" xmlns="http://schemas.microsoft.com/developer/msbuild/2003">
  <ItemGroup>
    <Filter Include="Source Files">
      <UniqueIdentifier>{4FC737F1-C7A5-4376-A066-2A32D752A2FF}</UniqueIdentifier>
      <Extensions>cpp;c;cc;cxx;c++;cppm;ixx;def;odl;idl;hpj;bat;asm;asmx</Extensions>
    </Filter>
    <Filter Include="Components">
      <UniqueIdentifier>{0180b538-06a4-4133-b832-cd511c6e5bad}</UniqueIdentifier>
    </Filter>
    <Filter Include="Interfaces">
      <UniqueIdentifier>{374c18ed-ce04-413f-a5ae-a2792509d8e0}</UniqueIdentifier>
    </Filter>
    <Filter Include="Class headers">
      <UniqueIdentifier>{0a68254c-e0b7-4d08-b3ff-7a6f2cb2ccf2}</UniqueIdentifier>
    </Filter>
    <Filter Include="Objects">
      <UniqueIdentifier>{13557465-4899-4c22-9495-2cb277ba19e3}</UniqueIdentifier>
    </Filter>
    <Filter Include="Custom Libraries">
      <UniqueIdentifier>{3fcf26b8-9fa7-4e67-85fd-ba0c1ce598dd}</UniqueIdentifier>
    </Filter>
  </ItemGroup>
  <ItemGroup>
    <ClCompile Include="src\CoreEngine.cpp">
      <Filter>Source Files</Filter>
    </ClCompile>
    <ClCompile Include="src\InputManager.cpp">
      <Filter>Source Files</Filter>
    </ClCompile>
    <ClCompile Include="src\main.cpp">
      <Filter>Source Files</Filter>
    </ClCompile>
    <ClCompile Include="src\SceneManager.cpp">
      <Filter>Source Files</Filter>
    </ClCompile>
    <ClCompile Include="src\TestScene.cpp">
      <Filter>Source Files</Filter>
    </ClCompile>
    <ClCompile Include="src\NamespaceVars.cpp">
      <Filter>Source Files</Filter>
    </ClCompile>
    <ClCompile Include="src\UiELement.cpp">
      <Filter>Source Files</Filter>
    </ClCompile>
    <ClCompile Include="src\ResourceManager.cpp">
      <Filter>Source Files</Filter>
    </ClCompile>
  </ItemGroup>
  <ItemGroup>
    <ClInclude Include="include\Component.hpp">
      <Filter>Interfaces</Filter>
    </ClInclude>
    <ClInclude Include="include\Core.hpp">
      <Filter>Custom Libraries</Filter>
    </ClInclude>
    <ClInclude Include="include\CoreEngine.hpp">
      <Filter>Class headers</Filter>
    </ClInclude>
    <ClInclude Include="include\Graphics.hpp">
      <Filter>Custom Libraries</Filter>
    </ClInclude>
    <ClInclude Include="include\Input.hpp">
      <Filter>Custom Libraries</Filter>
    </ClInclude>
    <ClInclude Include="include\Object.hpp">
      <Filter>Class headers</Filter>
    </ClInclude>
    <ClInclude Include="include\InputManager.hpp">
      <Filter>Class headers</Filter>
    </ClInclude>
    <ClInclude Include="include\ObjectManager.hpp">
      <Filter>Class headers</Filter>
    </ClInclude>
    <ClInclude Include="include\Physics.hpp">
      <Filter>Custom Libraries</Filter>
    </ClInclude>
    <ClInclude Include="include\Scene.hpp">
      <Filter>Interfaces</Filter>
    </ClInclude>
    <ClInclude Include="include\Scenes.hpp">
      <Filter>Custom Libraries</Filter>
    </ClInclude>
    <ClInclude Include="include\Utilities.hpp">
      <Filter>Custom Libraries</Filter>
    </ClInclude>
    <ClInclude Include="include\Ui_elements.hpp">
      <Filter>Custom Libraries</Filter>
    </ClInclude>
    <ClInclude Include="include\Time.hpp">
      <Filter>Class headers</Filter>
    </ClInclude>
    <ClInclude Include="include\TestScene.hpp">
      <Filter>Class headers</Filter>
    </ClInclude>
    <ClInclude Include="include\SceneManager.hpp">
      <Filter>Class headers</Filter>
    </ClInclude>
    <ClInclude Include="include\ResourceManager.hpp">
      <Filter>Class headers</Filter>
    </ClInclude>
    <ClInclude Include="include\UiElement.hpp">
      <Filter>Class headers</Filter>
    </ClInclude>
    <ClInclude Include="include\Singleton.hpp">
      <Filter>Interfaces</Filter>
    </ClInclude>
    <ClInclude Include="include\Design_patterns.hpp">
      <Filter>Custom Libraries</Filter>
    </ClInclude>
  </ItemGroup>
</Project>