<?xml version="1.0" encoding="utf-8"?>
<Project ToolsVersion="4.0" xmlns="http://schemas.microsoft.com/developer/msbuild/2003">
  <ItemGroup>
    <Filter Include="Source Files">
      <UniqueIdentifier>{4FC737F1-C7A5-4376-A066-2A32D752A2FF}</UniqueIdentifier>
      <Extensions>cpp;c;cc;cxx;c++;cppm;ixx;def;odl;idl;hpj;bat;asm;asmx</Extensions>
    </Filter>
    <Filter Include="Resource Files">
      <UniqueIdentifier>{67DA6AB6-F800-4c08-8B7A-83BB121AAD01}</UniqueIdentifier>
      <Extensions>rc;ico;cur;bmp;dlg;rc2;rct;bin;rgs;gif;jpg;jpeg;jpe;resx;tiff;tif;png;wav;mfcribbon-ms</Extensions>
    </Filter>
    <Filter Include="Components">
      <UniqueIdentifier>{0180b538-06a4-4133-b832-cd511c6e5bad}</UniqueIdentifier>
    </Filter>
    <Filter Include="Interfaces">
      <UniqueIdentifier>{374c18ed-ce04-413f-a5ae-a2792509d8e0}</UniqueIdentifier>
    </Filter>
    <Filter Include="Class headers">
      <UniqueIdentifier>{0a68254c-e0b7-4d08-b3ff-7a6f2cb2ccf2}</UniqueIdentifier>
    </Filter>
    <Filter Include="Utilities">
      <UniqueIdentifier>{74753626-839d-43b8-9f3e-835b2593e2a9}</UniqueIdentifier>
    </Filter>
  </ItemGroup>
  <ItemGroup>
    <ClCompile Include="CoreEngine.cpp">
      <Filter>Source Files</Filter>
    </ClCompile>
    <ClCompile Include="Namespaces.ns.cpp">
      <Filter>Source Files</Filter>
    </ClCompile>
    <ClCompile Include="SceneManager.cpp">
      <Filter>Source Files</Filter>
    </ClCompile>
    <ClCompile Include="TestScene.cpp">
      <Filter>Source Files</Filter>
    </ClCompile>
    <ClCompile Include="Window.cpp">
      <Filter>Source Files</Filter>
    </ClCompile>
    <ClCompile Include="TimeManager.cpp">
      <Filter>Source Files</Filter>
    </ClCompile>
  </ItemGroup>
  <ItemGroup>
    <ClInclude Include="Window.hpp">
      <Filter>Class headers</Filter>
    </ClInclude>
    <ClInclude Include="SceneManager.hpp">
      <Filter>Class headers</Filter>
    </ClInclude>
    <ClInclude Include="Scene.hpp">
      <Filter>Interfaces</Filter>
    </ClInclude>
    <ClInclude Include="ResourceManager.hpp">
      <Filter>Interfaces</Filter>
    </ClInclude>
    <ClInclude Include="Namespaces.ns.hpp">
      <Filter>Utilities</Filter>
    </ClInclude>
    <ClInclude Include="CoreEngine.hpp">
      <Filter>Class headers</Filter>
    </ClInclude>
    <ClInclude Include="ObjectManager.hpp">
      <Filter>Interfaces</Filter>
    </ClInclude>
    <ClInclude Include="TestScene.hpp">
      <Filter>Class headers</Filter>
    </ClInclude>
    <ClInclude Include="ThreadPool.hpp">
      <Filter>Class headers</Filter>
    </ClInclude>
    <ClInclude Include="TimeManager.hpp">
      <Filter>Utilities</Filter>
    </ClInclude>
    <ClInclude Include="InputManager.hpp">
      <Filter>Class headers</Filter>
    </ClInclude>
  </ItemGroup>
</Project>